// !$*UTF8*$!
{
	archiveVersion = 1;
	classes = {
	};
	objectVersion = 46;
	objects = {

/* Begin PBXBuildFile section */
		1810C3E6194F2B5100778E6E /* Foundation.framework in Frameworks */ = {isa = PBXBuildFile; fileRef = 1810C3E5194F2B5100778E6E /* Foundation.framework */; };
		1810C3E8194F2B5100778E6E /* CoreGraphics.framework in Frameworks */ = {isa = PBXBuildFile; fileRef = 1810C3E7194F2B5100778E6E /* CoreGraphics.framework */; };
		1810C3EA194F2B5100778E6E /* UIKit.framework in Frameworks */ = {isa = PBXBuildFile; fileRef = 1810C3E9194F2B5100778E6E /* UIKit.framework */; };
		1810C3F0194F2B5200778E6E /* InfoPlist.strings in Resources */ = {isa = PBXBuildFile; fileRef = 1810C3EE194F2B5200778E6E /* InfoPlist.strings */; };
		1810C3F2194F2B5200778E6E /* main.m in Sources */ = {isa = PBXBuildFile; fileRef = 1810C3F1194F2B5200778E6E /* main.m */; };
		1810C3F6194F2B5200778E6E /* AppDelegate.m in Sources */ = {isa = PBXBuildFile; fileRef = 1810C3F5194F2B5200778E6E /* AppDelegate.m */; };
		1810C3F9194F2B5200778E6E /* Main.storyboard in Resources */ = {isa = PBXBuildFile; fileRef = 1810C3F7194F2B5200778E6E /* Main.storyboard */; };
		1810C3FC194F2B5200778E6E /* ViewController.m in Sources */ = {isa = PBXBuildFile; fileRef = 1810C3FB194F2B5200778E6E /* ViewController.m */; };
		1810C3FE194F2B5200778E6E /* Images.xcassets in Resources */ = {isa = PBXBuildFile; fileRef = 1810C3FD194F2B5200778E6E /* Images.xcassets */; };
		1810C405194F2B5200778E6E /* XCTest.framework in Frameworks */ = {isa = PBXBuildFile; fileRef = 1810C404194F2B5200778E6E /* XCTest.framework */; };
		1810C406194F2B5200778E6E /* Foundation.framework in Frameworks */ = {isa = PBXBuildFile; fileRef = 1810C3E5194F2B5100778E6E /* Foundation.framework */; };
		1810C407194F2B5200778E6E /* UIKit.framework in Frameworks */ = {isa = PBXBuildFile; fileRef = 1810C3E9194F2B5100778E6E /* UIKit.framework */; };
		1810C40F194F2B5200778E6E /* InfoPlist.strings in Resources */ = {isa = PBXBuildFile; fileRef = 1810C40D194F2B5200778E6E /* InfoPlist.strings */; };
		1810C411194F2B5200778E6E /* csdnBlogTests.m in Sources */ = {isa = PBXBuildFile; fileRef = 1810C410194F2B5200778E6E /* csdnBlogTests.m */; };
		1810C41D194F2F6100778E6E /* Reachability.m in Sources */ = {isa = PBXBuildFile; fileRef = 1810C41C194F2F6100778E6E /* Reachability.m */; };
		1810C422194F2F8200778E6E /* DDList.m in Sources */ = {isa = PBXBuildFile; fileRef = 1810C421194F2F8200778E6E /* DDList.m */; settings = {COMPILER_FLAGS = "-fno-objc-arc"; }; };
		1810C428194F2FA600778E6E /* SVProgressHUD.bundle in Resources */ = {isa = PBXBuildFile; fileRef = 1810C425194F2FA600778E6E /* SVProgressHUD.bundle */; };
		1810C429194F2FA600778E6E /* SVProgressHUD.m in Sources */ = {isa = PBXBuildFile; fileRef = 1810C427194F2FA600778E6E /* SVProgressHUD.m */; };
		1810C42D194F2FB900778E6E /* Colours.m in Sources */ = {isa = PBXBuildFile; fileRef = 1810C42C194F2FB900778E6E /* Colours.m */; };
		1810C435194F351200778E6E /* blogExportedList.m in Sources */ = {isa = PBXBuildFile; fileRef = 1810C430194F351200778E6E /* blogExportedList.m */; };
		1810C436194F351200778E6E /* blogExportedDetail.m in Sources */ = {isa = PBXBuildFile; fileRef = 1810C432194F351200778E6E /* blogExportedDetail.m */; };
		1810C437194F351200778E6E /* MRZoomScrollView.m in Sources */ = {isa = PBXBuildFile; fileRef = 1810C434194F351200778E6E /* MRZoomScrollView.m */; settings = {COMPILER_FLAGS = "-fno-objc-arc"; }; };
		1810C44E194F356C00778E6E /* MKAnnotationView+WebCache.m in Sources */ = {isa = PBXBuildFile; fileRef = 1810C43A194F356C00778E6E /* MKAnnotationView+WebCache.m */; };
		1810C44F194F356C00778E6E /* SDImageCache.m in Sources */ = {isa = PBXBuildFile; fileRef = 1810C43C194F356C00778E6E /* SDImageCache.m */; };
		1810C450194F356C00778E6E /* SDWebImageCompat.m in Sources */ = {isa = PBXBuildFile; fileRef = 1810C43E194F356C00778E6E /* SDWebImageCompat.m */; };
		1810C451194F356C00778E6E /* SDWebImageDecoder.m in Sources */ = {isa = PBXBuildFile; fileRef = 1810C440194F356C00778E6E /* SDWebImageDecoder.m */; };
		1810C452194F356C00778E6E /* SDWebImageDownloader.m in Sources */ = {isa = PBXBuildFile; fileRef = 1810C442194F356C00778E6E /* SDWebImageDownloader.m */; };
		1810C453194F356C00778E6E /* SDWebImageDownloaderOperation.m in Sources */ = {isa = PBXBuildFile; fileRef = 1810C444194F356C00778E6E /* SDWebImageDownloaderOperation.m */; };
		1810C454194F356C00778E6E /* SDWebImageManager.m in Sources */ = {isa = PBXBuildFile; fileRef = 1810C446194F356C00778E6E /* SDWebImageManager.m */; };
		1810C455194F356C00778E6E /* SDWebImagePrefetcher.m in Sources */ = {isa = PBXBuildFile; fileRef = 1810C449194F356C00778E6E /* SDWebImagePrefetcher.m */; };
		1810C456194F356C00778E6E /* UIButton+WebCache.m in Sources */ = {isa = PBXBuildFile; fileRef = 1810C44B194F356C00778E6E /* UIButton+WebCache.m */; };
		1810C457194F356C00778E6E /* UIImageView+WebCache.m in Sources */ = {isa = PBXBuildFile; fileRef = 1810C44D194F356C00778E6E /* UIImageView+WebCache.m */; };
/* End PBXBuildFile section */

/* Begin PBXContainerItemProxy section */
		1810C408194F2B5200778E6E /* PBXContainerItemProxy */ = {
			isa = PBXContainerItemProxy;
			containerPortal = 1810C3DA194F2B5100778E6E /* Project object */;
			proxyType = 1;
			remoteGlobalIDString = 1810C3E1194F2B5100778E6E;
			remoteInfo = csdnBlog;
		};
/* End PBXContainerItemProxy section */

/* Begin PBXFileReference section */
		1810C3E2194F2B5100778E6E /* 博客助手.app */ = {isa = PBXFileReference; explicitFileType = wrapper.application; includeInIndex = 0; path = "博客助手.app"; sourceTree = BUILT_PRODUCTS_DIR; };
		1810C3E5194F2B5100778E6E /* Foundation.framework */ = {isa = PBXFileReference; lastKnownFileType = wrapper.framework; name = Foundation.framework; path = System/Library/Frameworks/Foundation.framework; sourceTree = SDKROOT; };
		1810C3E7194F2B5100778E6E /* CoreGraphics.framework */ = {isa = PBXFileReference; lastKnownFileType = wrapper.framework; name = CoreGraphics.framework; path = System/Library/Frameworks/CoreGraphics.framework; sourceTree = SDKROOT; };
		1810C3E9194F2B5100778E6E /* UIKit.framework */ = {isa = PBXFileReference; lastKnownFileType = wrapper.framework; name = UIKit.framework; path = System/Library/Frameworks/UIKit.framework; sourceTree = SDKROOT; };
		1810C3ED194F2B5200778E6E /* csdnBlog-Info.plist */ = {isa = PBXFileReference; lastKnownFileType = text.plist.xml; path = "csdnBlog-Info.plist"; sourceTree = "<group>"; };
		1810C3EF194F2B5200778E6E /* en */ = {isa = PBXFileReference; lastKnownFileType = text.plist.strings; name = en; path = en.lproj/InfoPlist.strings; sourceTree = "<group>"; };
		1810C3F1194F2B5200778E6E /* main.m */ = {isa = PBXFileReference; lastKnownFileType = sourcecode.c.objc; path = main.m; sourceTree = "<group>"; };
		1810C3F3194F2B5200778E6E /* csdnBlog-Prefix.pch */ = {isa = PBXFileReference; lastKnownFileType = sourcecode.c.h; path = "csdnBlog-Prefix.pch"; sourceTree = "<group>"; };
		1810C3F4194F2B5200778E6E /* AppDelegate.h */ = {isa = PBXFileReference; lastKnownFileType = sourcecode.c.h; path = AppDelegate.h; sourceTree = "<group>"; };
		1810C3F5194F2B5200778E6E /* AppDelegate.m */ = {isa = PBXFileReference; lastKnownFileType = sourcecode.c.objc; path = AppDelegate.m; sourceTree = "<group>"; };
		1810C3F8194F2B5200778E6E /* Base */ = {isa = PBXFileReference; lastKnownFileType = file.storyboard; name = Base; path = Base.lproj/Main.storyboard; sourceTree = "<group>"; };
		1810C3FA194F2B5200778E6E /* ViewController.h */ = {isa = PBXFileReference; lastKnownFileType = sourcecode.c.h; path = ViewController.h; sourceTree = "<group>"; };
		1810C3FB194F2B5200778E6E /* ViewController.m */ = {isa = PBXFileReference; lastKnownFileType = sourcecode.c.objc; path = ViewController.m; sourceTree = "<group>"; };
		1810C3FD194F2B5200778E6E /* Images.xcassets */ = {isa = PBXFileReference; lastKnownFileType = folder.assetcatalog; path = Images.xcassets; sourceTree = "<group>"; };
		1810C403194F2B5200778E6E /* csdnBlogTests.xctest */ = {isa = PBXFileReference; explicitFileType = wrapper.cfbundle; includeInIndex = 0; path = csdnBlogTests.xctest; sourceTree = BUILT_PRODUCTS_DIR; };
		1810C404194F2B5200778E6E /* XCTest.framework */ = {isa = PBXFileReference; lastKnownFileType = wrapper.framework; name = XCTest.framework; path = Library/Frameworks/XCTest.framework; sourceTree = DEVELOPER_DIR; };
		1810C40C194F2B5200778E6E /* csdnBlogTests-Info.plist */ = {isa = PBXFileReference; lastKnownFileType = text.plist.xml; path = "csdnBlogTests-Info.plist"; sourceTree = "<group>"; };
		1810C40E194F2B5200778E6E /* en */ = {isa = PBXFileReference; lastKnownFileType = text.plist.strings; name = en; path = en.lproj/InfoPlist.strings; sourceTree = "<group>"; };
		1810C410194F2B5200778E6E /* csdnBlogTests.m */ = {isa = PBXFileReference; lastKnownFileType = sourcecode.c.objc; path = csdnBlogTests.m; sourceTree = "<group>"; };
		1810C41B194F2F6100778E6E /* Reachability.h */ = {isa = PBXFileReference; fileEncoding = 4; lastKnownFileType = sourcecode.c.h; path = Reachability.h; sourceTree = "<group>"; };
		1810C41C194F2F6100778E6E /* Reachability.m */ = {isa = PBXFileReference; fileEncoding = 4; lastKnownFileType = sourcecode.c.objc; path = Reachability.m; sourceTree = "<group>"; };
		1810C41F194F2F8200778E6E /* PassValueDelegate.h */ = {isa = PBXFileReference; fileEncoding = 4; lastKnownFileType = sourcecode.c.h; path = PassValueDelegate.h; sourceTree = "<group>"; };
		1810C420194F2F8200778E6E /* DDList.h */ = {isa = PBXFileReference; fileEncoding = 4; lastKnownFileType = sourcecode.c.h; path = DDList.h; sourceTree = "<group>"; };
		1810C421194F2F8200778E6E /* DDList.m */ = {isa = PBXFileReference; fileEncoding = 4; lastKnownFileType = sourcecode.c.objc; path = DDList.m; sourceTree = "<group>"; };
		1810C424194F2FA600778E6E /* SVProgressHUD-Prefix.pch */ = {isa = PBXFileReference; fileEncoding = 4; lastKnownFileType = sourcecode.c.h; path = "SVProgressHUD-Prefix.pch"; sourceTree = "<group>"; };
		1810C425194F2FA600778E6E /* SVProgressHUD.bundle */ = {isa = PBXFileReference; lastKnownFileType = "wrapper.plug-in"; path = SVProgressHUD.bundle; sourceTree = "<group>"; };
		1810C426194F2FA600778E6E /* SVProgressHUD.h */ = {isa = PBXFileReference; fileEncoding = 4; lastKnownFileType = sourcecode.c.h; path = SVProgressHUD.h; sourceTree = "<group>"; };
		1810C427194F2FA600778E6E /* SVProgressHUD.m */ = {isa = PBXFileReference; fileEncoding = 4; lastKnownFileType = sourcecode.c.objc; path = SVProgressHUD.m; sourceTree = "<group>"; };
		1810C42B194F2FB900778E6E /* Colours.h */ = {isa = PBXFileReference; fileEncoding = 4; lastKnownFileType = sourcecode.c.h; path = Colours.h; sourceTree = "<group>"; };
		1810C42C194F2FB900778E6E /* Colours.m */ = {isa = PBXFileReference; fileEncoding = 4; lastKnownFileType = sourcecode.c.objc; path = Colours.m; sourceTree = "<group>"; };
		1810C42F194F351200778E6E /* blogExportedList.h */ = {isa = PBXFileReference; fileEncoding = 4; lastKnownFileType = sourcecode.c.h; path = blogExportedList.h; sourceTree = "<group>"; };
		1810C430194F351200778E6E /* blogExportedList.m */ = {isa = PBXFileReference; fileEncoding = 4; lastKnownFileType = sourcecode.c.objc; path = blogExportedList.m; sourceTree = "<group>"; };
		1810C431194F351200778E6E /* blogExportedDetail.h */ = {isa = PBXFileReference; fileEncoding = 4; lastKnownFileType = sourcecode.c.h; path = blogExportedDetail.h; sourceTree = "<group>"; };
		1810C432194F351200778E6E /* blogExportedDetail.m */ = {isa = PBXFileReference; fileEncoding = 4; lastKnownFileType = sourcecode.c.objc; path = blogExportedDetail.m; sourceTree = "<group>"; };
		1810C433194F351200778E6E /* MRZoomScrollView.h */ = {isa = PBXFileReference; fileEncoding = 4; lastKnownFileType = sourcecode.c.h; path = MRZoomScrollView.h; sourceTree = "<group>"; };
		1810C434194F351200778E6E /* MRZoomScrollView.m */ = {isa = PBXFileReference; fileEncoding = 4; lastKnownFileType = sourcecode.c.objc; path = MRZoomScrollView.m; sourceTree = "<group>"; };
		1810C439194F356C00778E6E /* MKAnnotationView+WebCache.h */ = {isa = PBXFileReference; fileEncoding = 4; lastKnownFileType = sourcecode.c.h; path = "MKAnnotationView+WebCache.h"; sourceTree = "<group>"; };
		1810C43A194F356C00778E6E /* MKAnnotationView+WebCache.m */ = {isa = PBXFileReference; fileEncoding = 4; lastKnownFileType = sourcecode.c.objc; path = "MKAnnotationView+WebCache.m"; sourceTree = "<group>"; };
		1810C43B194F356C00778E6E /* SDImageCache.h */ = {isa = PBXFileReference; fileEncoding = 4; lastKnownFileType = sourcecode.c.h; path = SDImageCache.h; sourceTree = "<group>"; };
		1810C43C194F356C00778E6E /* SDImageCache.m */ = {isa = PBXFileReference; fileEncoding = 4; lastKnownFileType = sourcecode.c.objc; path = SDImageCache.m; sourceTree = "<group>"; };
		1810C43D194F356C00778E6E /* SDWebImageCompat.h */ = {isa = PBXFileReference; fileEncoding = 4; lastKnownFileType = sourcecode.c.h; path = SDWebImageCompat.h; sourceTree = "<group>"; };
		1810C43E194F356C00778E6E /* SDWebImageCompat.m */ = {isa = PBXFileReference; fileEncoding = 4; lastKnownFileType = sourcecode.c.objc; path = SDWebImageCompat.m; sourceTree = "<group>"; };
		1810C43F194F356C00778E6E /* SDWebImageDecoder.h */ = {isa = PBXFileReference; fileEncoding = 4; lastKnownFileType = sourcecode.c.h; path = SDWebImageDecoder.h; sourceTree = "<group>"; };
		1810C440194F356C00778E6E /* SDWebImageDecoder.m */ = {isa = PBXFileReference; fileEncoding = 4; lastKnownFileType = sourcecode.c.objc; path = SDWebImageDecoder.m; sourceTree = "<group>"; };
		1810C441194F356C00778E6E /* SDWebImageDownloader.h */ = {isa = PBXFileReference; fileEncoding = 4; lastKnownFileType = sourcecode.c.h; path = SDWebImageDownloader.h; sourceTree = "<group>"; };
		1810C442194F356C00778E6E /* SDWebImageDownloader.m */ = {isa = PBXFileReference; fileEncoding = 4; lastKnownFileType = sourcecode.c.objc; path = SDWebImageDownloader.m; sourceTree = "<group>"; };
		1810C443194F356C00778E6E /* SDWebImageDownloaderOperation.h */ = {isa = PBXFileReference; fileEncoding = 4; lastKnownFileType = sourcecode.c.h; path = SDWebImageDownloaderOperation.h; sourceTree = "<group>"; };
		1810C444194F356C00778E6E /* SDWebImageDownloaderOperation.m */ = {isa = PBXFileReference; fileEncoding = 4; lastKnownFileType = sourcecode.c.objc; path = SDWebImageDownloaderOperation.m; sourceTree = "<group>"; };
		1810C445194F356C00778E6E /* SDWebImageManager.h */ = {isa = PBXFileReference; fileEncoding = 4; lastKnownFileType = sourcecode.c.h; path = SDWebImageManager.h; sourceTree = "<group>"; };
		1810C446194F356C00778E6E /* SDWebImageManager.m */ = {isa = PBXFileReference; fileEncoding = 4; lastKnownFileType = sourcecode.c.objc; path = SDWebImageManager.m; sourceTree = "<group>"; };
		1810C447194F356C00778E6E /* SDWebImageOperation.h */ = {isa = PBXFileReference; fileEncoding = 4; lastKnownFileType = sourcecode.c.h; path = SDWebImageOperation.h; sourceTree = "<group>"; };
		1810C448194F356C00778E6E /* SDWebImagePrefetcher.h */ = {isa = PBXFileReference; fileEncoding = 4; lastKnownFileType = sourcecode.c.h; path = SDWebImagePrefetcher.h; sourceTree = "<group>"; };
		1810C449194F356C00778E6E /* SDWebImagePrefetcher.m */ = {isa = PBXFileReference; fileEncoding = 4; lastKnownFileType = sourcecode.c.objc; path = SDWebImagePrefetcher.m; sourceTree = "<group>"; };
		1810C44A194F356C00778E6E /* UIButton+WebCache.h */ = {isa = PBXFileReference; fileEncoding = 4; lastKnownFileType = sourcecode.c.h; path = "UIButton+WebCache.h"; sourceTree = "<group>"; };
		1810C44B194F356C00778E6E /* UIButton+WebCache.m */ = {isa = PBXFileReference; fileEncoding = 4; lastKnownFileType = sourcecode.c.objc; path = "UIButton+WebCache.m"; sourceTree = "<group>"; };
		1810C44C194F356C00778E6E /* UIImageView+WebCache.h */ = {isa = PBXFileReference; fileEncoding = 4; lastKnownFileType = sourcecode.c.h; path = "UIImageView+WebCache.h"; sourceTree = "<group>"; };
		1810C44D194F356C00778E6E /* UIImageView+WebCache.m */ = {isa = PBXFileReference; fileEncoding = 4; lastKnownFileType = sourcecode.c.objc; path = "UIImageView+WebCache.m"; sourceTree = "<group>"; };
/* End PBXFileReference section */

/* Begin PBXFrameworksBuildPhase section */
		1810C3DF194F2B5100778E6E /* Frameworks */ = {
			isa = PBXFrameworksBuildPhase;
			buildActionMask = 2147483647;
			files = (
				1810C3E8194F2B5100778E6E /* CoreGraphics.framework in Frameworks */,
				1810C3EA194F2B5100778E6E /* UIKit.framework in Frameworks */,
				1810C3E6194F2B5100778E6E /* Foundation.framework in Frameworks */,
			);
			runOnlyForDeploymentPostprocessing = 0;
		};
		1810C400194F2B5200778E6E /* Frameworks */ = {
			isa = PBXFrameworksBuildPhase;
			buildActionMask = 2147483647;
			files = (
				1810C405194F2B5200778E6E /* XCTest.framework in Frameworks */,
				1810C407194F2B5200778E6E /* UIKit.framework in Frameworks */,
				1810C406194F2B5200778E6E /* Foundation.framework in Frameworks */,
			);
			runOnlyForDeploymentPostprocessing = 0;
		};
/* End PBXFrameworksBuildPhase section */

/* Begin PBXGroup section */
		1810C3D9194F2B5100778E6E = {
			isa = PBXGroup;
			children = (
				1810C3EB194F2B5200778E6E /* csdnBlog */,
				1810C40A194F2B5200778E6E /* csdnBlogTests */,
				1810C3E4194F2B5100778E6E /* Frameworks */,
				1810C3E3194F2B5100778E6E /* Products */,
			);
			sourceTree = "<group>";
		};
		1810C3E3194F2B5100778E6E /* Products */ = {
			isa = PBXGroup;
			children = (
				1810C3E2194F2B5100778E6E /* 博客助手.app */,
				1810C403194F2B5200778E6E /* csdnBlogTests.xctest */,
			);
			name = Products;
			sourceTree = "<group>";
		};
		1810C3E4194F2B5100778E6E /* Frameworks */ = {
			isa = PBXGroup;
			children = (
				1810C3E5194F2B5100778E6E /* Foundation.framework */,
				1810C3E7194F2B5100778E6E /* CoreGraphics.framework */,
				1810C3E9194F2B5100778E6E /* UIKit.framework */,
				1810C404194F2B5200778E6E /* XCTest.framework */,
			);
			name = Frameworks;
			sourceTree = "<group>";
		};
		1810C3EB194F2B5200778E6E /* csdnBlog */ = {
			isa = PBXGroup;
			children = (
				1810C438194F356200778E6E /* SDWebImage */,
				1810C42E194F350700778E6E /* 已导文章 */,
				1810C42A194F2FAE00778E6E /* 下拉模糊 */,
				1810C423194F2FA600778E6E /* SVProgressHUD */,
				1810C41E194F2F7700778E6E /* 查询子列表 */,
				1810C41A194F2F5600778E6E /* Wi-Fi */,
				1810C3F4194F2B5200778E6E /* AppDelegate.h */,
				1810C3F5194F2B5200778E6E /* AppDelegate.m */,
				1810C3F7194F2B5200778E6E /* Main.storyboard */,
				1810C3FA194F2B5200778E6E /* ViewController.h */,
				1810C3FB194F2B5200778E6E /* ViewController.m */,
				1810C3FD194F2B5200778E6E /* Images.xcassets */,
				1810C3EC194F2B5200778E6E /* Supporting Files */,
			);
			path = csdnBlog;
			sourceTree = "<group>";
		};
		1810C3EC194F2B5200778E6E /* Supporting Files */ = {
			isa = PBXGroup;
			children = (
				1810C3ED194F2B5200778E6E /* csdnBlog-Info.plist */,
				1810C3EE194F2B5200778E6E /* InfoPlist.strings */,
				1810C3F1194F2B5200778E6E /* main.m */,
				1810C3F3194F2B5200778E6E /* csdnBlog-Prefix.pch */,
			);
			name = "Supporting Files";
			sourceTree = "<group>";
		};
		1810C40A194F2B5200778E6E /* csdnBlogTests */ = {
			isa = PBXGroup;
			children = (
				1810C410194F2B5200778E6E /* csdnBlogTests.m */,
				1810C40B194F2B5200778E6E /* Supporting Files */,
			);
			path = csdnBlogTests;
			sourceTree = "<group>";
		};
		1810C40B194F2B5200778E6E /* Supporting Files */ = {
			isa = PBXGroup;
			children = (
				1810C40C194F2B5200778E6E /* csdnBlogTests-Info.plist */,
				1810C40D194F2B5200778E6E /* InfoPlist.strings */,
			);
			name = "Supporting Files";
			sourceTree = "<group>";
		};
		1810C41A194F2F5600778E6E /* Wi-Fi */ = {
			isa = PBXGroup;
			children = (
				1810C41B194F2F6100778E6E /* Reachability.h */,
				1810C41C194F2F6100778E6E /* Reachability.m */,
			);
			name = "Wi-Fi";
			sourceTree = "<group>";
		};
		1810C41E194F2F7700778E6E /* 查询子列表 */ = {
			isa = PBXGroup;
			children = (
				1810C41F194F2F8200778E6E /* PassValueDelegate.h */,
				1810C420194F2F8200778E6E /* DDList.h */,
				1810C421194F2F8200778E6E /* DDList.m */,
			);
			name = "查询子列表";
			sourceTree = "<group>";
		};
		1810C423194F2FA600778E6E /* SVProgressHUD */ = {
			isa = PBXGroup;
			children = (
				1810C424194F2FA600778E6E /* SVProgressHUD-Prefix.pch */,
				1810C425194F2FA600778E6E /* SVProgressHUD.bundle */,
				1810C426194F2FA600778E6E /* SVProgressHUD.h */,
				1810C427194F2FA600778E6E /* SVProgressHUD.m */,
			);
			path = SVProgressHUD;
			sourceTree = "<group>";
		};
		1810C42A194F2FAE00778E6E /* 下拉模糊 */ = {
			isa = PBXGroup;
			children = (
				1810C42B194F2FB900778E6E /* Colours.h */,
				1810C42C194F2FB900778E6E /* Colours.m */,
			);
			name = "下拉模糊";
			sourceTree = "<group>";
		};
		1810C42E194F350700778E6E /* 已导文章 */ = {
			isa = PBXGroup;
			children = (
				1810C42F194F351200778E6E /* blogExportedList.h */,
				1810C430194F351200778E6E /* blogExportedList.m */,
				1810C431194F351200778E6E /* blogExportedDetail.h */,
				1810C432194F351200778E6E /* blogExportedDetail.m */,
				1810C433194F351200778E6E /* MRZoomScrollView.h */,
				1810C434194F351200778E6E /* MRZoomScrollView.m */,
			);
			name = "已导文章";
			sourceTree = "<group>";
		};
		1810C438194F356200778E6E /* SDWebImage */ = {
			isa = PBXGroup;
			children = (
				1810C439194F356C00778E6E /* MKAnnotationView+WebCache.h */,
				1810C43A194F356C00778E6E /* MKAnnotationView+WebCache.m */,
				1810C43B194F356C00778E6E /* SDImageCache.h */,
				1810C43C194F356C00778E6E /* SDImageCache.m */,
				1810C43D194F356C00778E6E /* SDWebImageCompat.h */,
				1810C43E194F356C00778E6E /* SDWebImageCompat.m */,
				1810C43F194F356C00778E6E /* SDWebImageDecoder.h */,
				1810C440194F356C00778E6E /* SDWebImageDecoder.m */,
				1810C441194F356C00778E6E /* SDWebImageDownloader.h */,
				1810C442194F356C00778E6E /* SDWebImageDownloader.m */,
				1810C443194F356C00778E6E /* SDWebImageDownloaderOperation.h */,
				1810C444194F356C00778E6E /* SDWebImageDownloaderOperation.m */,
				1810C445194F356C00778E6E /* SDWebImageManager.h */,
				1810C446194F356C00778E6E /* SDWebImageManager.m */,
				1810C447194F356C00778E6E /* SDWebImageOperation.h */,
				1810C448194F356C00778E6E /* SDWebImagePrefetcher.h */,
				1810C449194F356C00778E6E /* SDWebImagePrefetcher.m */,
				1810C44A194F356C00778E6E /* UIButton+WebCache.h */,
				1810C44B194F356C00778E6E /* UIButton+WebCache.m */,
				1810C44C194F356C00778E6E /* UIImageView+WebCache.h */,
				1810C44D194F356C00778E6E /* UIImageView+WebCache.m */,
			);
			name = SDWebImage;
			sourceTree = "<group>";
		};
/* End PBXGroup section */

/* Begin PBXNativeTarget section */
		1810C3E1194F2B5100778E6E /* csdnBlog */ = {
			isa = PBXNativeTarget;
			buildConfigurationList = 1810C414194F2B5200778E6E /* Build configuration list for PBXNativeTarget "csdnBlog" */;
			buildPhases = (
				1810C3DE194F2B5100778E6E /* Sources */,
				1810C3DF194F2B5100778E6E /* Frameworks */,
				1810C3E0194F2B5100778E6E /* Resources */,
			);
			buildRules = (
			);
			dependencies = (
			);
			name = csdnBlog;
			productName = csdnBlog;
			productReference = 1810C3E2194F2B5100778E6E /* 博客助手.app */;
			productType = "com.apple.product-type.application";
		};
		1810C402194F2B5200778E6E /* csdnBlogTests */ = {
			isa = PBXNativeTarget;
			buildConfigurationList = 1810C417194F2B5200778E6E /* Build configuration list for PBXNativeTarget "csdnBlogTests" */;
			buildPhases = (
				1810C3FF194F2B5200778E6E /* Sources */,
				1810C400194F2B5200778E6E /* Frameworks */,
				1810C401194F2B5200778E6E /* Resources */,
			);
			buildRules = (
			);
			dependencies = (
				1810C409194F2B5200778E6E /* PBXTargetDependency */,
			);
			name = csdnBlogTests;
			productName = csdnBlogTests;
			productReference = 1810C403194F2B5200778E6E /* csdnBlogTests.xctest */;
			productType = "com.apple.product-type.bundle.unit-test";
		};
/* End PBXNativeTarget section */

/* Begin PBXProject section */
		1810C3DA194F2B5100778E6E /* Project object */ = {
			isa = PBXProject;
			attributes = {
				LastUpgradeCheck = 0510;
				ORGANIZATIONNAME = icephone;
				TargetAttributes = {
					1810C3E1194F2B5100778E6E = {
						DevelopmentTeam = K4JLMLFF47;
					};
					1810C402194F2B5200778E6E = {
						TestTargetID = 1810C3E1194F2B5100778E6E;
					};
				};
			};
			buildConfigurationList = 1810C3DD194F2B5100778E6E /* Build configuration list for PBXProject "csdnBlog" */;
			compatibilityVersion = "Xcode 3.2";
			developmentRegion = English;
			hasScannedForEncodings = 0;
			knownRegions = (
				en,
				Base,
			);
			mainGroup = 1810C3D9194F2B5100778E6E;
			productRefGroup = 1810C3E3194F2B5100778E6E /* Products */;
			projectDirPath = "";
			projectRoot = "";
			targets = (
				1810C3E1194F2B5100778E6E /* csdnBlog */,
				1810C402194F2B5200778E6E /* csdnBlogTests */,
			);
		};
/* End PBXProject section */

/* Begin PBXResourcesBuildPhase section */
		1810C3E0194F2B5100778E6E /* Resources */ = {
			isa = PBXResourcesBuildPhase;
			buildActionMask = 2147483647;
			files = (
				1810C3FE194F2B5200778E6E /* Images.xcassets in Resources */,
				1810C3F0194F2B5200778E6E /* InfoPlist.strings in Resources */,
				1810C3F9194F2B5200778E6E /* Main.storyboard in Resources */,
				1810C428194F2FA600778E6E /* SVProgressHUD.bundle in Resources */,
			);
			runOnlyForDeploymentPostprocessing = 0;
		};
		1810C401194F2B5200778E6E /* Resources */ = {
			isa = PBXResourcesBuildPhase;
			buildActionMask = 2147483647;
			files = (
				1810C40F194F2B5200778E6E /* InfoPlist.strings in Resources */,
			);
			runOnlyForDeploymentPostprocessing = 0;
		};
/* End PBXResourcesBuildPhase section */

/* Begin PBXSourcesBuildPhase section */
		1810C3DE194F2B5100778E6E /* Sources */ = {
			isa = PBXSourcesBuildPhase;
			buildActionMask = 2147483647;
			files = (
				1810C451194F356C00778E6E /* SDWebImageDecoder.m in Sources */,
				1810C435194F351200778E6E /* blogExportedList.m in Sources */,
				1810C457194F356C00778E6E /* UIImageView+WebCache.m in Sources */,
				1810C453194F356C00778E6E /* SDWebImageDownloaderOperation.m in Sources */,
				1810C454194F356C00778E6E /* SDWebImageManager.m in Sources */,
				1810C44E194F356C00778E6E /* MKAnnotationView+WebCache.m in Sources */,
				1810C3FC194F2B5200778E6E /* ViewController.m in Sources */,
				1810C452194F356C00778E6E /* SDWebImageDownloader.m in Sources */,
				1810C3F6194F2B5200778E6E /* AppDelegate.m in Sources */,
				1810C450194F356C00778E6E /* SDWebImageCompat.m in Sources */,
				1810C455194F356C00778E6E /* SDWebImagePrefetcher.m in Sources */,
				1810C41D194F2F6100778E6E /* Reachability.m in Sources */,
				1810C436194F351200778E6E /* blogExportedDetail.m in Sources */,
				1810C456194F356C00778E6E /* UIButton+WebCache.m in Sources */,
				1810C42D194F2FB900778E6E /* Colours.m in Sources */,
				1810C44F194F356C00778E6E /* SDImageCache.m in Sources */,
				1810C3F2194F2B5200778E6E /* main.m in Sources */,
				1810C437194F351200778E6E /* MRZoomScrollView.m in Sources */,
				1810C422194F2F8200778E6E /* DDList.m in Sources */,
				1810C429194F2FA600778E6E /* SVProgressHUD.m in Sources */,
			);
			runOnlyForDeploymentPostprocessing = 0;
		};
		1810C3FF194F2B5200778E6E /* Sources */ = {
			isa = PBXSourcesBuildPhase;
			buildActionMask = 2147483647;
			files = (
				1810C411194F2B5200778E6E /* csdnBlogTests.m in Sources */,
			);
			runOnlyForDeploymentPostprocessing = 0;
		};
/* End PBXSourcesBuildPhase section */

/* Begin PBXTargetDependency section */
		1810C409194F2B5200778E6E /* PBXTargetDependency */ = {
			isa = PBXTargetDependency;
			target = 1810C3E1194F2B5100778E6E /* csdnBlog */;
			targetProxy = 1810C408194F2B5200778E6E /* PBXContainerItemProxy */;
		};
/* End PBXTargetDependency section */

/* Begin PBXVariantGroup section */
		1810C3EE194F2B5200778E6E /* InfoPlist.strings */ = {
			isa = PBXVariantGroup;
			children = (
				1810C3EF194F2B5200778E6E /* en */,
			);
			name = InfoPlist.strings;
			sourceTree = "<group>";
		};
		1810C3F7194F2B5200778E6E /* Main.storyboard */ = {
			isa = PBXVariantGroup;
			children = (
				1810C3F8194F2B5200778E6E /* Base */,
			);
			name = Main.storyboard;
			sourceTree = "<group>";
		};
		1810C40D194F2B5200778E6E /* InfoPlist.strings */ = {
			isa = PBXVariantGroup;
			children = (
				1810C40E194F2B5200778E6E /* en */,
			);
			name = InfoPlist.strings;
			sourceTree = "<group>";
		};
/* End PBXVariantGroup section */

/* Begin XCBuildConfiguration section */
		1810C412194F2B5200778E6E /* Debug */ = {
			isa = XCBuildConfiguration;
			buildSettings = {
				ALWAYS_SEARCH_USER_PATHS = NO;
				CLANG_CXX_LANGUAGE_STANDARD = "gnu++0x";
				CLANG_CXX_LIBRARY = "libc++";
				CLANG_ENABLE_MODULES = YES;
				CLANG_ENABLE_OBJC_ARC = YES;
				CLANG_WARN_BOOL_CONVERSION = YES;
				CLANG_WARN_CONSTANT_CONVERSION = YES;
				CLANG_WARN_DIRECT_OBJC_ISA_USAGE = YES_ERROR;
				CLANG_WARN_EMPTY_BODY = YES;
				CLANG_WARN_ENUM_CONVERSION = YES;
				CLANG_WARN_INT_CONVERSION = YES;
				CLANG_WARN_OBJC_ROOT_CLASS = YES_ERROR;
				CLANG_WARN__DUPLICATE_METHOD_MATCH = YES;
				CODE_SIGN_IDENTITY = "iPhone Developer";
				"CODE_SIGN_IDENTITY[sdk=iphoneos*]" = "iPhone Developer";
				COPY_PHASE_STRIP = NO;
				GCC_C_LANGUAGE_STANDARD = gnu99;
				GCC_DYNAMIC_NO_PIC = NO;
				GCC_OPTIMIZATION_LEVEL = 0;
				GCC_PREPROCESSOR_DEFINITIONS = (
					"DEBUG=1",
					"$(inherited)",
				);
				GCC_SYMBOLS_PRIVATE_EXTERN = NO;
				GCC_WARN_64_TO_32_BIT_CONVERSION = YES;
				GCC_WARN_ABOUT_RETURN_TYPE = YES_ERROR;
				GCC_WARN_UNDECLARED_SELECTOR = YES;
				GCC_WARN_UNINITIALIZED_AUTOS = YES_AGGRESSIVE;
				GCC_WARN_UNUSED_FUNCTION = YES;
				GCC_WARN_UNUSED_VARIABLE = YES;
				IPHONEOS_DEPLOYMENT_TARGET = 7.0;
				ONLY_ACTIVE_ARCH = YES;
				SDKROOT = iphoneos;
			};
			name = Debug;
		};
		1810C413194F2B5200778E6E /* Release */ = {
			isa = XCBuildConfiguration;
			buildSettings = {
				ALWAYS_SEARCH_USER_PATHS = NO;
				CLANG_CXX_LANGUAGE_STANDARD = "gnu++0x";
				CLANG_CXX_LIBRARY = "libc++";
				CLANG_ENABLE_MODULES = YES;
				CLANG_ENABLE_OBJC_ARC = YES;
				CLANG_WARN_BOOL_CONVERSION = YES;
				CLANG_WARN_CONSTANT_CONVERSION = YES;
				CLANG_WARN_DIRECT_OBJC_ISA_USAGE = YES_ERROR;
				CLANG_WARN_EMPTY_BODY = YES;
				CLANG_WARN_ENUM_CONVERSION = YES;
				CLANG_WARN_INT_CONVERSION = YES;
				CLANG_WARN_OBJC_ROOT_CLASS = YES_ERROR;
				CLANG_WARN__DUPLICATE_METHOD_MATCH = YES;
				CODE_SIGN_IDENTITY = "iPhone Distribution";
				"CODE_SIGN_IDENTITY[sdk=iphoneos*]" = "iPhone Distribution";
				COPY_PHASE_STRIP = YES;
				ENABLE_NS_ASSERTIONS = NO;
				GCC_C_LANGUAGE_STANDARD = gnu99;
				GCC_WARN_64_TO_32_BIT_CONVERSION = YES;
				GCC_WARN_ABOUT_RETURN_TYPE = YES_ERROR;
				GCC_WARN_UNDECLARED_SELECTOR = YES;
				GCC_WARN_UNINITIALIZED_AUTOS = YES_AGGRESSIVE;
				GCC_WARN_UNUSED_FUNCTION = YES;
				GCC_WARN_UNUSED_VARIABLE = YES;
				IPHONEOS_DEPLOYMENT_TARGET = 7.0;
				SDKROOT = iphoneos;
				VALIDATE_PRODUCT = YES;
			};
			name = Release;
		};
		1810C415194F2B5200778E6E /* Debug */ = {
			isa = XCBuildConfiguration;
			buildSettings = {
				ASSETCATALOG_COMPILER_APPICON_NAME = AppIcon;
				ASSETCATALOG_COMPILER_LAUNCHIMAGE_NAME = LaunchImage;
				CODE_SIGN_IDENTITY = "";
				"CODE_SIGN_IDENTITY[sdk=iphoneos*]" = "iPhone Developer";
				GCC_PRECOMPILE_PREFIX_HEADER = YES;
				GCC_PREFIX_HEADER = "csdnBlog/csdnBlog-Prefix.pch";
				INFOPLIST_FILE = "csdnBlog/csdnBlog-Info.plist";
				PRODUCT_NAME = "博客助手";
				PROVISIONING_PROFILE = "";
				WRAPPER_EXTENSION = app;
			};
			name = Debug;
		};
		1810C416194F2B5200778E6E /* Release */ = {
			isa = XCBuildConfiguration;
			buildSettings = {
				ASSETCATALOG_COMPILER_APPICON_NAME = AppIcon;
				ASSETCATALOG_COMPILER_LAUNCHIMAGE_NAME = LaunchImage;
				CODE_SIGN_IDENTITY = "";
				"CODE_SIGN_IDENTITY[sdk=iphoneos*]" = "iPhone Distribution";
				GCC_PRECOMPILE_PREFIX_HEADER = YES;
				GCC_PREFIX_HEADER = "csdnBlog/csdnBlog-Prefix.pch";
				INFOPLIST_FILE = "csdnBlog/csdnBlog-Info.plist";
				PRODUCT_NAME = "博客助手";
				PROVISIONING_PROFILE = "";
				WRAPPER_EXTENSION = app;
			};
			name = Release;
		};
		1810C418194F2B5200778E6E /* Debug */ = {
			isa = XCBuildConfiguration;
			buildSettings = {
				BUNDLE_LOADER = "$(BUILT_PRODUCTS_DIR)/csdnBlog.app/csdnBlog";
				FRAMEWORK_SEARCH_PATHS = (
					"$(SDKROOT)/Developer/Library/Frameworks",
					"$(inherited)",
					"$(DEVELOPER_FRAMEWORKS_DIR)",
				);
				GCC_PRECOMPILE_PREFIX_HEADER = YES;
				GCC_PREFIX_HEADER = "csdnBlog/csdnBlog-Prefix.pch";
				GCC_PREPROCESSOR_DEFINITIONS = (
					"DEBUG=1",
					"$(inherited)",
				);
				INFOPLIST_FILE = "csdnBlogTests/csdnBlogTests-Info.plist";
				PRODUCT_NAME = "$(TARGET_NAME)";
				TEST_HOST = "$(BUNDLE_LOADER)";
				WRAPPER_EXTENSION = xctest;
			};
			name = Debug;
		};
		1810C419194F2B5200778E6E /* Release */ = {
			isa = XCBuildConfiguration;
			buildSettings = {
				BUNDLE_LOADER = "$(BUILT_PRODUCTS_DIR)/csdnBlog.app/csdnBlog";
				FRAMEWORK_SEARCH_PATHS = (
					"$(SDKROOT)/Developer/Library/Frameworks",
					"$(inherited)",
					"$(DEVELOPER_FRAMEWORKS_DIR)",
				);
				GCC_PRECOMPILE_PREFIX_HEADER = YES;
				GCC_PREFIX_HEADER = "csdnBlog/csdnBlog-Prefix.pch";
				INFOPLIST_FILE = "csdnBlogTests/csdnBlogTests-Info.plist";
				PRODUCT_NAME = "$(TARGET_NAME)";
				TEST_HOST = "$(BUNDLE_LOADER)";
				WRAPPER_EXTENSION = xctest;
			};
			name = Release;
		};
/* End XCBuildConfiguration section */

/* Begin XCConfigurationList section */
		1810C3DD194F2B5100778E6E /* Build configuration list for PBXProject "csdnBlog" */ = {
			isa = XCConfigurationList;
			buildConfigurations = (
				1810C412194F2B5200778E6E /* Debug */,
				1810C413194F2B5200778E6E /* Release */,
			);
			defaultConfigurationIsVisible = 0;
			defaultConfigurationName = Release;
		};
		1810C414194F2B5200778E6E /* Build configuration list for PBXNativeTarget "csdnBlog" */ = {
			isa = XCConfigurationList;
			buildConfigurations = (
				1810C415194F2B5200778E6E /* Debug */,
				1810C416194F2B5200778E6E /* Release */,
			);
			defaultConfigurationIsVisible = 0;
			defaultConfigurationName = Release;
		};
		1810C417194F2B5200778E6E /* Build configuration list for PBXNativeTarget "csdnBlogTests" */ = {
			isa = XCConfigurationList;
			buildConfigurations = (
				1810C418194F2B5200778E6E /* Debug */,
				1810C419194F2B5200778E6E /* Release */,
			);
			defaultConfigurationIsVisible = 0;
			defaultConfigurationName = Release;
		};
/* End XCConfigurationList section */
	};
	rootObject = 1810C3DA194F2B5100778E6E /* Project object */;
}
